
Microsoft Visual Studio Solution File, Format Version 12.00
# Visual Studio 15
VisualStudioVersion = 15.0.28307.168
MinimumVisualStudioVersion = 10.0.40219.1
Project("{FAE04EC0-301F-11D3-BF4B-00C04F79EFBC}") = "KikuTimer.Android", "KikuTimer\KikuTimer.Android\KikuTimer.Android.csproj", "{FC35330F-5D92-4EAD-9934-6E0F29D19FD4}"
EndProject
Project("{FAE04EC0-301F-11D3-BF4B-00C04F79EFBC}") = "KikuTimer.iOS", "KikuTimer\KikuTimer.iOS\KikuTimer.iOS.csproj", "{04123158-A73C-406A-82BF-F2D52235F964}"
EndProject
Project("{FAE04EC0-301F-11D3-BF4B-00C04F79EFBC}") = "KikuTimer.UWP", "KikuTimer\KikuTimer.UWP\KikuTimer.UWP.csproj", "{281FB792-1B96-44B9-9ADF-F907DFA69BCD}"
EndProject
Project("{FAE04EC0-301F-11D3-BF4B-00C04F79EFBC}") = "KikuTimer", "KikuTimer\KikuTimer\KikuTimer.csproj", "{C25A6AC5-8564-4038-BE19-BD247CD4DF87}"
EndProject
Global
	GlobalSection(SolutionConfigurationPlatforms) = preSolution
		Ad-Hoc|Any CPU = Ad-Hoc|Any CPU
		Ad-Hoc|ARM = Ad-Hoc|ARM
		Ad-Hoc|iPhone = Ad-Hoc|iPhone
		Ad-Hoc|iPhoneSimulator = Ad-Hoc|iPhoneSimulator
		Ad-Hoc|x64 = Ad-Hoc|x64
		Ad-Hoc|x86 = Ad-Hoc|x86
		AppStore|Any CPU = AppStore|Any CPU
		AppStore|ARM = AppStore|ARM
		AppStore|iPhone = AppStore|iPhone
		AppStore|iPhoneSimulator = AppStore|iPhoneSimulator
		AppStore|x64 = AppStore|x64
		AppStore|x86 = AppStore|x86
		Debug|Any CPU = Debug|Any CPU
		Debug|ARM = Debug|ARM
		Debug|iPhone = Debug|iPhone
		Debug|iPhoneSimulator = Debug|iPhoneSimulator
		Debug|x64 = Debug|x64
		Debug|x86 = Debug|x86
		Release|Any CPU = Release|Any CPU
		Release|ARM = Release|ARM
		Release|iPhone = Release|iPhone
		Release|iPhoneSimulator = Release|iPhoneSimulator
		Release|x64 = Release|x64
		Release|x86 = Release|x86
	EndGlobalSection
	GlobalSection(ProjectConfigurationPlatforms) = postSolution
		{FC35330F-5D92-4EAD-9934-6E0F29D19FD4}.Ad-Hoc|Any CPU.ActiveCfg = Release|Any CPU
		{FC35330F-5D92-4EAD-9934-6E0F29D19FD4}.Ad-Hoc|Any CPU.Build.0 = Release|Any CPU
		{FC35330F-5D92-4EAD-9934-6E0F29D19FD4}.Ad-Hoc|Any CPU.Deploy.0 = Release|Any CPU
		{FC35330F-5D92-4EAD-9934-6E0F29D19FD4}.Ad-Hoc|ARM.ActiveCfg = Release|Any CPU
		{FC35330F-5D92-4EAD-9934-6E0F29D19FD4}.Ad-Hoc|ARM.Build.0 = Release|Any CPU
		{FC35330F-5D92-4EAD-9934-6E0F29D19FD4}.Ad-Hoc|ARM.Deploy.0 = Release|Any CPU
		{FC35330F-5D92-4EAD-9934-6E0F29D19FD4}.Ad-Hoc|iPhone.ActiveCfg = Release|Any CPU
		{FC35330F-5D92-4EAD-9934-6E0F29D19FD4}.Ad-Hoc|iPhone.Build.0 = Release|Any CPU
		{FC35330F-5D92-4EAD-9934-6E0F29D19FD4}.Ad-Hoc|iPhone.Deploy.0 = Release|Any CPU
		{FC35330F-5D92-4EAD-9934-6E0F29D19FD4}.Ad-Hoc|iPhoneSimulator.ActiveCfg = Release|Any CPU
		{FC35330F-5D92-4EAD-9934-6E0F29D19FD4}.Ad-Hoc|iPhoneSimulator.Build.0 = Release|Any CPU
		{FC35330F-5D92-4EAD-9934-6E0F29D19FD4}.Ad-Hoc|iPhoneSimulator.Deploy.0 = Release|Any CPU
		{FC35330F-5D92-4EAD-9934-6E0F29D19FD4}.Ad-Hoc|x64.ActiveCfg = Release|Any CPU
		{FC35330F-5D92-4EAD-9934-6E0F29D19FD4}.Ad-Hoc|x64.Build.0 = Release|Any CPU
		{FC35330F-5D92-4EAD-9934-6E0F29D19FD4}.Ad-Hoc|x64.Deploy.0 = Release|Any CPU
		{FC35330F-5D92-4EAD-9934-6E0F29D19FD4}.Ad-Hoc|x86.ActiveCfg = Release|Any CPU
		{FC35330F-5D92-4EAD-9934-6E0F29D19FD4}.Ad-Hoc|x86.Build.0 = Release|Any CPU
		{FC35330F-5D92-4EAD-9934-6E0F29D19FD4}.Ad-Hoc|x86.Deploy.0 = Release|Any CPU
		{FC35330F-5D92-4EAD-9934-6E0F29D19FD4}.AppStore|Any CPU.ActiveCfg = Release|Any CPU
		{FC35330F-5D92-4EAD-9934-6E0F29D19FD4}.AppStore|Any CPU.Build.0 = Release|Any CPU
		{FC35330F-5D92-4EAD-9934-6E0F29D19FD4}.AppStore|Any CPU.Deploy.0 = Release|Any CPU
		{FC35330F-5D92-4EAD-9934-6E0F29D19FD4}.AppStore|ARM.ActiveCfg = Release|Any CPU
		{FC35330F-5D92-4EAD-9934-6E0F29D19FD4}.AppStore|ARM.Build.0 = Release|Any CPU
		{FC35330F-5D92-4EAD-9934-6E0F29D19FD4}.AppStore|ARM.Deploy.0 = Release|Any CPU
		{FC35330F-5D92-4EAD-9934-6E0F29D19FD4}.AppStore|iPhone.ActiveCfg = Release|Any CPU
		{FC35330F-5D92-4EAD-9934-6E0F29D19FD4}.AppStore|iPhone.Build.0 = Release|Any CPU
		{FC35330F-5D92-4EAD-9934-6E0F29D19FD4}.AppStore|iPhone.Deploy.0 = Release|Any CPU
		{FC35330F-5D92-4EAD-9934-6E0F29D19FD4}.AppStore|iPhoneSimulator.ActiveCfg = Release|Any CPU
		{FC35330F-5D92-4EAD-9934-6E0F29D19FD4}.AppStore|iPhoneSimulator.Build.0 = Release|Any CPU
		{FC35330F-5D92-4EAD-9934-6E0F29D19FD4}.AppStore|iPhoneSimulator.Deploy.0 = Release|Any CPU
		{FC35330F-5D92-4EAD-9934-6E0F29D19FD4}.AppStore|x64.ActiveCfg = Release|Any CPU
		{FC35330F-5D92-4EAD-9934-6E0F29D19FD4}.AppStore|x64.Build.0 = Release|Any CPU
		{FC35330F-5D92-4EAD-9934-6E0F29D19FD4}.AppStore|x64.Deploy.0 = Release|Any CPU
		{FC35330F-5D92-4EAD-9934-6E0F29D19FD4}.AppStore|x86.ActiveCfg = Release|Any CPU
		{FC35330F-5D92-4EAD-9934-6E0F29D19FD4}.AppStore|x86.Build.0 = Release|Any CPU
		{FC35330F-5D92-4EAD-9934-6E0F29D19FD4}.AppStore|x86.Deploy.0 = Release|Any CPU
		{FC35330F-5D92-4EAD-9934-6E0F29D19FD4}.Debug|Any CPU.ActiveCfg = Debug|Any CPU
		{FC35330F-5D92-4EAD-9934-6E0F29D19FD4}.Debug|Any CPU.Build.0 = Debug|Any CPU
		{FC35330F-5D92-4EAD-9934-6E0F29D19FD4}.Debug|Any CPU.Deploy.0 = Debug|Any CPU
		{FC35330F-5D92-4EAD-9934-6E0F29D19FD4}.Debug|ARM.ActiveCfg = Debug|Any CPU
		{FC35330F-5D92-4EAD-9934-6E0F29D19FD4}.Debug|ARM.Build.0 = Debug|Any CPU
		{FC35330F-5D92-4EAD-9934-6E0F29D19FD4}.Debug|ARM.Deploy.0 = Debug|Any CPU
		{FC35330F-5D92-4EAD-9934-6E0F29D19FD4}.Debug|iPhone.ActiveCfg = Debug|Any CPU
		{FC35330F-5D92-4EAD-9934-6E0F29D19FD4}.Debug|iPhone.Build.0 = Debug|Any CPU
		{FC35330F-5D92-4EAD-9934-6E0F29D19FD4}.Debug|iPhone.Deploy.0 = Debug|Any CPU
		{FC35330F-5D92-4EAD-9934-6E0F29D19FD4}.Debug|iPhoneSimulator.ActiveCfg = Debug|Any CPU
		{FC35330F-5D92-4EAD-9934-6E0F29D19FD4}.Debug|iPhoneSimulator.Build.0 = Debug|Any CPU
		{FC35330F-5D92-4EAD-9934-6E0F29D19FD4}.Debug|iPhoneSimulator.Deploy.0 = Debug|Any CPU
		{FC35330F-5D92-4EAD-9934-6E0F29D19FD4}.Debug|x64.ActiveCfg = Debug|Any CPU
		{FC35330F-5D92-4EAD-9934-6E0F29D19FD4}.Debug|x64.Build.0 = Debug|Any CPU
		{FC35330F-5D92-4EAD-9934-6E0F29D19FD4}.Debug|x64.Deploy.0 = Debug|Any CPU
		{FC35330F-5D92-4EAD-9934-6E0F29D19FD4}.Debug|x86.ActiveCfg = Debug|Any CPU
		{FC35330F-5D92-4EAD-9934-6E0F29D19FD4}.Debug|x86.Build.0 = Debug|Any CPU
		{FC35330F-5D92-4EAD-9934-6E0F29D19FD4}.Debug|x86.Deploy.0 = Debug|Any CPU
		{FC35330F-5D92-4EAD-9934-6E0F29D19FD4}.Release|Any CPU.ActiveCfg = Release|Any CPU
		{FC35330F-5D92-4EAD-9934-6E0F29D19FD4}.Release|Any CPU.Build.0 = Release|Any CPU
		{FC35330F-5D92-4EAD-9934-6E0F29D19FD4}.Release|Any CPU.Deploy.0 = Release|Any CPU
		{FC35330F-5D92-4EAD-9934-6E0F29D19FD4}.Release|ARM.ActiveCfg = Release|Any CPU
		{FC35330F-5D92-4EAD-9934-6E0F29D19FD4}.Release|ARM.Build.0 = Release|Any CPU
		{FC35330F-5D92-4EAD-9934-6E0F29D19FD4}.Release|ARM.Deploy.0 = Release|Any CPU
		{FC35330F-5D92-4EAD-9934-6E0F29D19FD4}.Release|iPhone.ActiveCfg = Release|Any CPU
		{FC35330F-5D92-4EAD-9934-6E0F29D19FD4}.Release|iPhone.Build.0 = Release|Any CPU
		{FC35330F-5D92-4EAD-9934-6E0F29D19FD4}.Release|iPhone.Deploy.0 = Release|Any CPU
		{FC35330F-5D92-4EAD-9934-6E0F29D19FD4}.Release|iPhoneSimulator.ActiveCfg = Release|Any CPU
		{FC35330F-5D92-4EAD-9934-6E0F29D19FD4}.Release|iPhoneSimulator.Build.0 = Release|Any CPU
		{FC35330F-5D92-4EAD-9934-6E0F29D19FD4}.Release|iPhoneSimulator.Deploy.0 = Release|Any CPU
		{FC35330F-5D92-4EAD-9934-6E0F29D19FD4}.Release|x64.ActiveCfg = Release|Any CPU
		{FC35330F-5D92-4EAD-9934-6E0F29D19FD4}.Release|x64.Build.0 = Release|Any CPU
		{FC35330F-5D92-4EAD-9934-6E0F29D19FD4}.Release|x64.Deploy.0 = Release|Any CPU
		{FC35330F-5D92-4EAD-9934-6E0F29D19FD4}.Release|x86.ActiveCfg = Release|Any CPU
		{FC35330F-5D92-4EAD-9934-6E0F29D19FD4}.Release|x86.Build.0 = Release|Any CPU
		{FC35330F-5D92-4EAD-9934-6E0F29D19FD4}.Release|x86.Deploy.0 = Release|Any CPU
		{04123158-A73C-406A-82BF-F2D52235F964}.Ad-Hoc|Any CPU.ActiveCfg = Ad-Hoc|iPhone
		{04123158-A73C-406A-82BF-F2D52235F964}.Ad-Hoc|Any CPU.Build.0 = Ad-Hoc|iPhone
		{04123158-A73C-406A-82BF-F2D52235F964}.Ad-Hoc|Any CPU.Deploy.0 = Ad-Hoc|iPhone
		{04123158-A73C-406A-82BF-F2D52235F964}.Ad-Hoc|ARM.ActiveCfg = Ad-Hoc|iPhone
		{04123158-A73C-406A-82BF-F2D52235F964}.Ad-Hoc|ARM.Build.0 = Ad-Hoc|iPhone
		{04123158-A73C-406A-82BF-F2D52235F964}.Ad-Hoc|ARM.Deploy.0 = Ad-Hoc|iPhone
		{04123158-A73C-406A-82BF-F2D52235F964}.Ad-Hoc|iPhone.ActiveCfg = Ad-Hoc|iPhone
		{04123158-A73C-406A-82BF-F2D52235F964}.Ad-Hoc|iPhone.Build.0 = Ad-Hoc|iPhone
		{04123158-A73C-406A-82BF-F2D52235F964}.Ad-Hoc|iPhone.Deploy.0 = Ad-Hoc|iPhone
		{04123158-A73C-406A-82BF-F2D52235F964}.Ad-Hoc|iPhoneSimulator.ActiveCfg = Ad-Hoc|iPhoneSimulator
		{04123158-A73C-406A-82BF-F2D52235F964}.Ad-Hoc|iPhoneSimulator.Build.0 = Ad-Hoc|iPhoneSimulator
		{04123158-A73C-406A-82BF-F2D52235F964}.Ad-Hoc|iPhoneSimulator.Deploy.0 = Ad-Hoc|iPhoneSimulator
		{04123158-A73C-406A-82BF-F2D52235F964}.Ad-Hoc|x64.ActiveCfg = Ad-Hoc|iPhone
		{04123158-A73C-406A-82BF-F2D52235F964}.Ad-Hoc|x64.Build.0 = Ad-Hoc|iPhone
		{04123158-A73C-406A-82BF-F2D52235F964}.Ad-Hoc|x64.Deploy.0 = Ad-Hoc|iPhone
		{04123158-A73C-406A-82BF-F2D52235F964}.Ad-Hoc|x86.ActiveCfg = Ad-Hoc|iPhone
		{04123158-A73C-406A-82BF-F2D52235F964}.Ad-Hoc|x86.Build.0 = Ad-Hoc|iPhone
		{04123158-A73C-406A-82BF-F2D52235F964}.Ad-Hoc|x86.Deploy.0 = Ad-Hoc|iPhone
		{04123158-A73C-406A-82BF-F2D52235F964}.AppStore|Any CPU.ActiveCfg = AppStore|iPhone
		{04123158-A73C-406A-82BF-F2D52235F964}.AppStore|Any CPU.Build.0 = AppStore|iPhone
		{04123158-A73C-406A-82BF-F2D52235F964}.AppStore|Any CPU.Deploy.0 = AppStore|iPhone
		{04123158-A73C-406A-82BF-F2D52235F964}.AppStore|ARM.ActiveCfg = AppStore|iPhone
		{04123158-A73C-406A-82BF-F2D52235F964}.AppStore|ARM.Build.0 = AppStore|iPhone
		{04123158-A73C-406A-82BF-F2D52235F964}.AppStore|ARM.Deploy.0 = AppStore|iPhone
		{04123158-A73C-406A-82BF-F2D52235F964}.AppStore|iPhone.ActiveCfg = AppStore|iPhone
		{04123158-A73C-406A-82BF-F2D52235F964}.AppStore|iPhone.Build.0 = AppStore|iPhone
		{04123158-A73C-406A-82BF-F2D52235F964}.AppStore|iPhone.Deploy.0 = AppStore|iPhone
		{04123158-A73C-406A-82BF-F2D52235F964}.AppStore|iPhoneSimulator.ActiveCfg = AppStore|iPhoneSimulator
		{04123158-A73C-406A-82BF-F2D52235F964}.AppStore|iPhoneSimulator.Build.0 = AppStore|iPhoneSimulator
		{04123158-A73C-406A-82BF-F2D52235F964}.AppStore|iPhoneSimulator.Deploy.0 = AppStore|iPhoneSimulator
		{04123158-A73C-406A-82BF-F2D52235F964}.AppStore|x64.ActiveCfg = AppStore|iPhone
		{04123158-A73C-406A-82BF-F2D52235F964}.AppStore|x64.Build.0 = AppStore|iPhone
		{04123158-A73C-406A-82BF-F2D52235F964}.AppStore|x64.Deploy.0 = AppStore|iPhone
		{04123158-A73C-406A-82BF-F2D52235F964}.AppStore|x86.ActiveCfg = AppStore|iPhone
		{04123158-A73C-406A-82BF-F2D52235F964}.AppStore|x86.Build.0 = AppStore|iPhone
		{04123158-A73C-406A-82BF-F2D52235F964}.AppStore|x86.Deploy.0 = AppStore|iPhone
		{04123158-A73C-406A-82BF-F2D52235F964}.Debug|Any CPU.ActiveCfg = Debug|iPhoneSimulator
		{04123158-A73C-406A-82BF-F2D52235F964}.Debug|Any CPU.Build.0 = Debug|iPhoneSimulator
		{04123158-A73C-406A-82BF-F2D52235F964}.Debug|Any CPU.Deploy.0 = Debug|iPhoneSimulator
		{04123158-A73C-406A-82BF-F2D52235F964}.Debug|ARM.ActiveCfg = Debug|iPhone
		{04123158-A73C-406A-82BF-F2D52235F964}.Debug|ARM.Build.0 = Debug|iPhone
		{04123158-A73C-406A-82BF-F2D52235F964}.Debug|ARM.Deploy.0 = Debug|iPhone
		{04123158-A73C-406A-82BF-F2D52235F964}.Debug|iPhone.ActiveCfg = Debug|iPhone
		{04123158-A73C-406A-82BF-F2D52235F964}.Debug|iPhone.Build.0 = Debug|iPhone
		{04123158-A73C-406A-82BF-F2D52235F964}.Debug|iPhone.Deploy.0 = Debug|iPhone
		{04123158-A73C-406A-82BF-F2D52235F964}.Debug|iPhoneSimulator.ActiveCfg = Debug|iPhoneSimulator
		{04123158-A73C-406A-82BF-F2D52235F964}.Debug|iPhoneSimulator.Build.0 = Debug|iPhoneSimulator
		{04123158-A73C-406A-82BF-F2D52235F964}.Debug|iPhoneSimulator.Deploy.0 = Debug|iPhoneSimulator
		{04123158-A73C-406A-82BF-F2D52235F964}.Debug|x64.ActiveCfg = Debug|iPhone
		{04123158-A73C-406A-82BF-F2D52235F964}.Debug|x64.Build.0 = Debug|iPhone
		{04123158-A73C-406A-82BF-F2D52235F964}.Debug|x64.Deploy.0 = Debug|iPhone
		{04123158-A73C-406A-82BF-F2D52235F964}.Debug|x86.ActiveCfg = Debug|iPhone
		{04123158-A73C-406A-82BF-F2D52235F964}.Debug|x86.Build.0 = Debug|iPhone
		{04123158-A73C-406A-82BF-F2D52235F964}.Debug|x86.Deploy.0 = Debug|iPhone
		{04123158-A73C-406A-82BF-F2D52235F964}.Release|Any CPU.ActiveCfg = Release|iPhone
		{04123158-A73C-406A-82BF-F2D52235F964}.Release|Any CPU.Build.0 = Release|iPhone
		{04123158-A73C-406A-82BF-F2D52235F964}.Release|Any CPU.Deploy.0 = Release|iPhone
		{04123158-A73C-406A-82BF-F2D52235F964}.Release|ARM.ActiveCfg = Release|iPhone
		{04123158-A73C-406A-82BF-F2D52235F964}.Release|ARM.Build.0 = Release|iPhone
		{04123158-A73C-406A-82BF-F2D52235F964}.Release|ARM.Deploy.0 = Release|iPhone
		{04123158-A73C-406A-82BF-F2D52235F964}.Release|iPhone.ActiveCfg = Release|iPhone
		{04123158-A73C-406A-82BF-F2D52235F964}.Release|iPhone.Build.0 = Release|iPhone
		{04123158-A73C-406A-82BF-F2D52235F964}.Release|iPhone.Deploy.0 = Release|iPhone
		{04123158-A73C-406A-82BF-F2D52235F964}.Release|iPhoneSimulator.ActiveCfg = Release|iPhoneSimulator
		{04123158-A73C-406A-82BF-F2D52235F964}.Release|iPhoneSimulator.Build.0 = Release|iPhoneSimulator
		{04123158-A73C-406A-82BF-F2D52235F964}.Release|iPhoneSimulator.Deploy.0 = Release|iPhoneSimulator
		{04123158-A73C-406A-82BF-F2D52235F964}.Release|x64.ActiveCfg = Release|iPhone
		{04123158-A73C-406A-82BF-F2D52235F964}.Release|x64.Build.0 = Release|iPhone
		{04123158-A73C-406A-82BF-F2D52235F964}.Release|x64.Deploy.0 = Release|iPhone
		{04123158-A73C-406A-82BF-F2D52235F964}.Release|x86.ActiveCfg = Release|iPhone
		{04123158-A73C-406A-82BF-F2D52235F964}.Release|x86.Build.0 = Release|iPhone
		{04123158-A73C-406A-82BF-F2D52235F964}.Release|x86.Deploy.0 = Release|iPhone
		{281FB792-1B96-44B9-9ADF-F907DFA69BCD}.Ad-Hoc|Any CPU.ActiveCfg = Release|x86
		{281FB792-1B96-44B9-9ADF-F907DFA69BCD}.Ad-Hoc|Any CPU.Build.0 = Release|x86
		{281FB792-1B96-44B9-9ADF-F907DFA69BCD}.Ad-Hoc|Any CPU.Deploy.0 = Release|x86
		{281FB792-1B96-44B9-9ADF-F907DFA69BCD}.Ad-Hoc|ARM.ActiveCfg = Release|ARM
		{281FB792-1B96-44B9-9ADF-F907DFA69BCD}.Ad-Hoc|ARM.Build.0 = Release|ARM
		{281FB792-1B96-44B9-9ADF-F907DFA69BCD}.Ad-Hoc|ARM.Deploy.0 = Release|ARM
		{281FB792-1B96-44B9-9ADF-F907DFA69BCD}.Ad-Hoc|iPhone.ActiveCfg = Release|x86
		{281FB792-1B96-44B9-9ADF-F907DFA69BCD}.Ad-Hoc|iPhone.Build.0 = Release|x86
		{281FB792-1B96-44B9-9ADF-F907DFA69BCD}.Ad-Hoc|iPhone.Deploy.0 = Release|x86
		{281FB792-1B96-44B9-9ADF-F907DFA69BCD}.Ad-Hoc|iPhoneSimulator.ActiveCfg = Release|x86
		{281FB792-1B96-44B9-9ADF-F907DFA69BCD}.Ad-Hoc|iPhoneSimulator.Build.0 = Release|x86
		{281FB792-1B96-44B9-9ADF-F907DFA69BCD}.Ad-Hoc|iPhoneSimulator.Deploy.0 = Release|x86
		{281FB792-1B96-44B9-9ADF-F907DFA69BCD}.Ad-Hoc|x64.ActiveCfg = Release|x64
		{281FB792-1B96-44B9-9ADF-F907DFA69BCD}.Ad-Hoc|x64.Build.0 = Release|x64
		{281FB792-1B96-44B9-9ADF-F907DFA69BCD}.Ad-Hoc|x64.Deploy.0 = Release|x64
		{281FB792-1B96-44B9-9ADF-F907DFA69BCD}.Ad-Hoc|x86.ActiveCfg = Release|x86
		{281FB792-1B96-44B9-9ADF-F907DFA69BCD}.Ad-Hoc|x86.Build.0 = Release|x86
		{281FB792-1B96-44B9-9ADF-F907DFA69BCD}.Ad-Hoc|x86.Deploy.0 = Release|x86
		{281FB792-1B96-44B9-9ADF-F907DFA69BCD}.AppStore|Any CPU.ActiveCfg = Release|x86
		{281FB792-1B96-44B9-9ADF-F907DFA69BCD}.AppStore|Any CPU.Build.0 = Release|x86
		{281FB792-1B96-44B9-9ADF-F907DFA69BCD}.AppStore|Any CPU.Deploy.0 = Release|x86
		{281FB792-1B96-44B9-9ADF-F907DFA69BCD}.AppStore|ARM.ActiveCfg = Release|ARM
		{281FB792-1B96-44B9-9ADF-F907DFA69BCD}.AppStore|ARM.Build.0 = Release|ARM
		{281FB792-1B96-44B9-9ADF-F907DFA69BCD}.AppStore|ARM.Deploy.0 = Release|ARM
		{281FB792-1B96-44B9-9ADF-F907DFA69BCD}.AppStore|iPhone.ActiveCfg = Release|x86
		{281FB792-1B96-44B9-9ADF-F907DFA69BCD}.AppStore|iPhone.Build.0 = Release|x86
		{281FB792-1B96-44B9-9ADF-F907DFA69BCD}.AppStore|iPhone.Deploy.0 = Release|x86
		{281FB792-1B96-44B9-9ADF-F907DFA69BCD}.AppStore|iPhoneSimulator.ActiveCfg = Release|x86
		{281FB792-1B96-44B9-9ADF-F907DFA69BCD}.AppStore|iPhoneSimulator.Build.0 = Release|x86
		{281FB792-1B96-44B9-9ADF-F907DFA69BCD}.AppStore|iPhoneSimulator.Deploy.0 = Release|x86
		{281FB792-1B96-44B9-9ADF-F907DFA69BCD}.AppStore|x64.ActiveCfg = Release|x64
		{281FB792-1B96-44B9-9ADF-F907DFA69BCD}.AppStore|x64.Build.0 = Release|x64
		{281FB792-1B96-44B9-9ADF-F907DFA69BCD}.AppStore|x64.Deploy.0 = Release|x64
		{281FB792-1B96-44B9-9ADF-F907DFA69BCD}.AppStore|x86.ActiveCfg = Release|x86
		{281FB792-1B96-44B9-9ADF-F907DFA69BCD}.AppStore|x86.Build.0 = Release|x86
		{281FB792-1B96-44B9-9ADF-F907DFA69BCD}.AppStore|x86.Deploy.0 = Release|x86
		{281FB792-1B96-44B9-9ADF-F907DFA69BCD}.Debug|Any CPU.ActiveCfg = Debug|x86
		{281FB792-1B96-44B9-9ADF-F907DFA69BCD}.Debug|Any CPU.Build.0 = Debug|x86
		{281FB792-1B96-44B9-9ADF-F907DFA69BCD}.Debug|Any CPU.Deploy.0 = Debug|x86
		{281FB792-1B96-44B9-9ADF-F907DFA69BCD}.Debug|ARM.ActiveCfg = Debug|ARM
		{281FB792-1B96-44B9-9ADF-F907DFA69BCD}.Debug|ARM.Build.0 = Debug|ARM
		{281FB792-1B96-44B9-9ADF-F907DFA69BCD}.Debug|ARM.Deploy.0 = Debug|ARM
		{281FB792-1B96-44B9-9ADF-F907DFA69BCD}.Debug|iPhone.ActiveCfg = Debug|x86
		{281FB792-1B96-44B9-9ADF-F907DFA69BCD}.Debug|iPhone.Build.0 = Debug|x86
		{281FB792-1B96-44B9-9ADF-F907DFA69BCD}.Debug|iPhone.Deploy.0 = Debug|x86
		{281FB792-1B96-44B9-9ADF-F907DFA69BCD}.Debug|iPhoneSimulator.ActiveCfg = Debug|x86
		{281FB792-1B96-44B9-9ADF-F907DFA69BCD}.Debug|iPhoneSimulator.Build.0 = Debug|x86
		{281FB792-1B96-44B9-9ADF-F907DFA69BCD}.Debug|iPhoneSimulator.Deploy.0 = Debug|x86
		{281FB792-1B96-44B9-9ADF-F907DFA69BCD}.Debug|x64.ActiveCfg = Debug|x64
		{281FB792-1B96-44B9-9ADF-F907DFA69BCD}.Debug|x64.Build.0 = Debug|x64
		{281FB792-1B96-44B9-9ADF-F907DFA69BCD}.Debug|x64.Deploy.0 = Debug|x64
		{281FB792-1B96-44B9-9ADF-F907DFA69BCD}.Debug|x86.ActiveCfg = Debug|x86
		{281FB792-1B96-44B9-9ADF-F907DFA69BCD}.Debug|x86.Build.0 = Debug|x86
		{281FB792-1B96-44B9-9ADF-F907DFA69BCD}.Debug|x86.Deploy.0 = Debug|x86
		{281FB792-1B96-44B9-9ADF-F907DFA69BCD}.Release|Any CPU.ActiveCfg = Release|x86
		{281FB792-1B96-44B9-9ADF-F907DFA69BCD}.Release|Any CPU.Build.0 = Release|x86
		{281FB792-1B96-44B9-9ADF-F907DFA69BCD}.Release|Any CPU.Deploy.0 = Release|x86
		{281FB792-1B96-44B9-9ADF-F907DFA69BCD}.Release|ARM.ActiveCfg = Release|ARM
		{281FB792-1B96-44B9-9ADF-F907DFA69BCD}.Release|ARM.Build.0 = Release|ARM
		{281FB792-1B96-44B9-9ADF-F907DFA69BCD}.Release|ARM.Deploy.0 = Release|ARM
		{281FB792-1B96-44B9-9ADF-F907DFA69BCD}.Release|iPhone.ActiveCfg = Release|x86
		{281FB792-1B96-44B9-9ADF-F907DFA69BCD}.Release|iPhone.Build.0 = Release|x86
		{281FB792-1B96-44B9-9ADF-F907DFA69BCD}.Release|iPhone.Deploy.0 = Release|x86
		{281FB792-1B96-44B9-9ADF-F907DFA69BCD}.Release|iPhoneSimulator.ActiveCfg = Release|x86
		{281FB792-1B96-44B9-9ADF-F907DFA69BCD}.Release|iPhoneSimulator.Build.0 = Release|x86
		{281FB792-1B96-44B9-9ADF-F907DFA69BCD}.Release|iPhoneSimulator.Deploy.0 = Release|x86
		{281FB792-1B96-44B9-9ADF-F907DFA69BCD}.Release|x64.ActiveCfg = Release|x64
		{281FB792-1B96-44B9-9ADF-F907DFA69BCD}.Release|x64.Build.0 = Release|x64
		{281FB792-1B96-44B9-9ADF-F907DFA69BCD}.Release|x64.Deploy.0 = Release|x64
		{281FB792-1B96-44B9-9ADF-F907DFA69BCD}.Release|x86.ActiveCfg = Release|x86
		{281FB792-1B96-44B9-9ADF-F907DFA69BCD}.Release|x86.Build.0 = Release|x86
		{281FB792-1B96-44B9-9ADF-F907DFA69BCD}.Release|x86.Deploy.0 = Release|x86
		{C25A6AC5-8564-4038-BE19-BD247CD4DF87}.Ad-Hoc|Any CPU.ActiveCfg = Debug|Any CPU
		{C25A6AC5-8564-4038-BE19-BD247CD4DF87}.Ad-Hoc|Any CPU.Build.0 = Debug|Any CPU
		{C25A6AC5-8564-4038-BE19-BD247CD4DF87}.Ad-Hoc|Any CPU.Deploy.0 = Debug|Any CPU
		{C25A6AC5-8564-4038-BE19-BD247CD4DF87}.Ad-Hoc|ARM.ActiveCfg = Debug|Any CPU
		{C25A6AC5-8564-4038-BE19-BD247CD4DF87}.Ad-Hoc|ARM.Build.0 = Debug|Any CPU
		{C25A6AC5-8564-4038-BE19-BD247CD4DF87}.Ad-Hoc|ARM.Deploy.0 = Debug|Any CPU
		{C25A6AC5-8564-4038-BE19-BD247CD4DF87}.Ad-Hoc|iPhone.ActiveCfg = Debug|Any CPU
		{C25A6AC5-8564-4038-BE19-BD247CD4DF87}.Ad-Hoc|iPhone.Build.0 = Debug|Any CPU
		{C25A6AC5-8564-4038-BE19-BD247CD4DF87}.Ad-Hoc|iPhone.Deploy.0 = Debug|Any CPU
		{C25A6AC5-8564-4038-BE19-BD247CD4DF87}.Ad-Hoc|iPhoneSimulator.ActiveCfg = Debug|Any CPU
		{C25A6AC5-8564-4038-BE19-BD247CD4DF87}.Ad-Hoc|iPhoneSimulator.Build.0 = Debug|Any CPU
		{C25A6AC5-8564-4038-BE19-BD247CD4DF87}.Ad-Hoc|iPhoneSimulator.Deploy.0 = Debug|Any CPU
		{C25A6AC5-8564-4038-BE19-BD247CD4DF87}.Ad-Hoc|x64.ActiveCfg = Debug|Any CPU
		{C25A6AC5-8564-4038-BE19-BD247CD4DF87}.Ad-Hoc|x64.Build.0 = Debug|Any CPU
		{C25A6AC5-8564-4038-BE19-BD247CD4DF87}.Ad-Hoc|x64.Deploy.0 = Debug|Any CPU
		{C25A6AC5-8564-4038-BE19-BD247CD4DF87}.Ad-Hoc|x86.ActiveCfg = Debug|Any CPU
		{C25A6AC5-8564-4038-BE19-BD247CD4DF87}.Ad-Hoc|x86.Build.0 = Debug|Any CPU
		{C25A6AC5-8564-4038-BE19-BD247CD4DF87}.Ad-Hoc|x86.Deploy.0 = Debug|Any CPU
		{C25A6AC5-8564-4038-BE19-BD247CD4DF87}.AppStore|Any CPU.ActiveCfg = Debug|Any CPU
		{C25A6AC5-8564-4038-BE19-BD247CD4DF87}.AppStore|Any CPU.Build.0 = Debug|Any CPU
		{C25A6AC5-8564-4038-BE19-BD247CD4DF87}.AppStore|Any CPU.Deploy.0 = Debug|Any CPU
		{C25A6AC5-8564-4038-BE19-BD247CD4DF87}.AppStore|ARM.ActiveCfg = Debug|Any CPU
		{C25A6AC5-8564-4038-BE19-BD247CD4DF87}.AppStore|ARM.Build.0 = Debug|Any CPU
		{C25A6AC5-8564-4038-BE19-BD247CD4DF87}.AppStore|ARM.Deploy.0 = Debug|Any CPU
		{C25A6AC5-8564-4038-BE19-BD247CD4DF87}.AppStore|iPhone.ActiveCfg = Debug|Any CPU
		{C25A6AC5-8564-4038-BE19-BD247CD4DF87}.AppStore|iPhone.Build.0 = Debug|Any CPU
		{C25A6AC5-8564-4038-BE19-BD247CD4DF87}.AppStore|iPhone.Deploy.0 = Debug|Any CPU
		{C25A6AC5-8564-4038-BE19-BD247CD4DF87}.AppStore|iPhoneSimulator.ActiveCfg = Debug|Any CPU
		{C25A6AC5-8564-4038-BE19-BD247CD4DF87}.AppStore|iPhoneSimulator.Build.0 = Debug|Any CPU
		{C25A6AC5-8564-4038-BE19-BD247CD4DF87}.AppStore|iPhoneSimulator.Deploy.0 = Debug|Any CPU
		{C25A6AC5-8564-4038-BE19-BD247CD4DF87}.AppStore|x64.ActiveCfg = Debug|Any CPU
		{C25A6AC5-8564-4038-BE19-BD247CD4DF87}.AppStore|x64.Build.0 = Debug|Any CPU
		{C25A6AC5-8564-4038-BE19-BD247CD4DF87}.AppStore|x64.Deploy.0 = Debug|Any CPU
		{C25A6AC5-8564-4038-BE19-BD247CD4DF87}.AppStore|x86.ActiveCfg = Debug|Any CPU
		{C25A6AC5-8564-4038-BE19-BD247CD4DF87}.AppStore|x86.Build.0 = Debug|Any CPU
		{C25A6AC5-8564-4038-BE19-BD247CD4DF87}.AppStore|x86.Deploy.0 = Debug|Any CPU
		{C25A6AC5-8564-4038-BE19-BD247CD4DF87}.Debug|Any CPU.ActiveCfg = Debug|Any CPU
		{C25A6AC5-8564-4038-BE19-BD247CD4DF87}.Debug|Any CPU.Build.0 = Debug|Any CPU
		{C25A6AC5-8564-4038-BE19-BD247CD4DF87}.Debug|Any CPU.Deploy.0 = Debug|Any CPU
		{C25A6AC5-8564-4038-BE19-BD247CD4DF87}.Debug|ARM.ActiveCfg = Debug|Any CPU
		{C25A6AC5-8564-4038-BE19-BD247CD4DF87}.Debug|ARM.Build.0 = Debug|Any CPU
		{C25A6AC5-8564-4038-BE19-BD247CD4DF87}.Debug|ARM.Deploy.0 = Debug|Any CPU
		{C25A6AC5-8564-4038-BE19-BD247CD4DF87}.Debug|iPhone.ActiveCfg = Debug|Any CPU
		{C25A6AC5-8564-4038-BE19-BD247CD4DF87}.Debug|iPhone.Build.0 = Debug|Any CPU
		{C25A6AC5-8564-4038-BE19-BD247CD4DF87}.Debug|iPhone.Deploy.0 = Debug|Any CPU
		{C25A6AC5-8564-4038-BE19-BD247CD4DF87}.Debug|iPhoneSimulator.ActiveCfg = Debug|Any CPU
		{C25A6AC5-8564-4038-BE19-BD247CD4DF87}.Debug|iPhoneSimulator.Build.0 = Debug|Any CPU
		{C25A6AC5-8564-4038-BE19-BD247CD4DF87}.Debug|iPhoneSimulator.Deploy.0 = Debug|Any CPU
		{C25A6AC5-8564-4038-BE19-BD247CD4DF87}.Debug|x64.ActiveCfg = Debug|Any CPU
		{C25A6AC5-8564-4038-BE19-BD247CD4DF87}.Debug|x64.Build.0 = Debug|Any CPU
		{C25A6AC5-8564-4038-BE19-BD247CD4DF87}.Debug|x64.Deploy.0 = Debug|Any CPU
		{C25A6AC5-8564-4038-BE19-BD247CD4DF87}.Debug|x86.ActiveCfg = Debug|Any CPU
		{C25A6AC5-8564-4038-BE19-BD247CD4DF87}.Debug|x86.Build.0 = Debug|Any CPU
		{C25A6AC5-8564-4038-BE19-BD247CD4DF87}.Debug|x86.Deploy.0 = Debug|Any CPU
		{C25A6AC5-8564-4038-BE19-BD247CD4DF87}.Release|Any CPU.ActiveCfg = Release|Any CPU
		{C25A6AC5-8564-4038-BE19-BD247CD4DF87}.Release|Any CPU.Build.0 = Release|Any CPU
		{C25A6AC5-8564-4038-BE19-BD247CD4DF87}.Release|Any CPU.Deploy.0 = Release|Any CPU
		{C25A6AC5-8564-4038-BE19-BD247CD4DF87}.Release|ARM.ActiveCfg = Release|Any CPU
		{C25A6AC5-8564-4038-BE19-BD247CD4DF87}.Release|ARM.Build.0 = Release|Any CPU
		{C25A6AC5-8564-4038-BE19-BD247CD4DF87}.Release|ARM.Deploy.0 = Release|Any CPU
		{C25A6AC5-8564-4038-BE19-BD247CD4DF87}.Release|iPhone.ActiveCfg = Release|Any CPU
		{C25A6AC5-8564-4038-BE19-BD247CD4DF87}.Release|iPhone.Build.0 = Release|Any CPU
		{C25A6AC5-8564-4038-BE19-BD247CD4DF87}.Release|iPhone.Deploy.0 = Release|Any CPU
		{C25A6AC5-8564-4038-BE19-BD247CD4DF87}.Release|iPhoneSimulator.ActiveCfg = Release|Any CPU
		{C25A6AC5-8564-4038-BE19-BD247CD4DF87}.Release|iPhoneSimulator.Build.0 = Release|Any CPU
		{C25A6AC5-8564-4038-BE19-BD247CD4DF87}.Release|iPhoneSimulator.Deploy.0 = Release|Any CPU
		{C25A6AC5-8564-4038-BE19-BD247CD4DF87}.Release|x64.ActiveCfg = Release|Any CPU
		{C25A6AC5-8564-4038-BE19-BD247CD4DF87}.Release|x64.Build.0 = Release|Any CPU
		{C25A6AC5-8564-4038-BE19-BD247CD4DF87}.Release|x64.Deploy.0 = Release|Any CPU
		{C25A6AC5-8564-4038-BE19-BD247CD4DF87}.Release|x86.ActiveCfg = Release|Any CPU
		{C25A6AC5-8564-4038-BE19-BD247CD4DF87}.Release|x86.Build.0 = Release|Any CPU
		{C25A6AC5-8564-4038-BE19-BD247CD4DF87}.Release|x86.Deploy.0 = Release|Any CPU
	EndGlobalSection
	GlobalSection(SolutionProperties) = preSolution
		HideSolutionNode = FALSE
	EndGlobalSection
	GlobalSection(ExtensibilityGlobals) = postSolution
		SolutionGuid = {C0F4553E-F08D-4D96-8517-24067446FEC2}
	EndGlobalSection
EndGlobal
